
Microsoft Visual Studio Solution File, Format Version 12.00
# Visual Studio Version 17
VisualStudioVersion = 17.4.33103.184
MinimumVisualStudioVersion = 10.0.40219.1
Project("{FAE04EC0-301F-11D3-BF4B-00C04F79EFBC}") = "HotelAPI", "HotelAPI\HotelAPI.csproj", "{8051A101-7264-4A5F-B77B-148DDE76DA83}"
EndProject
Global
	GlobalSection(SolutionConfigurationPlatforms) = preSolution
		Debug|Any CPU = Debug|Any CPU
		Release|Any CPU = Release|Any CPU
	EndGlobalSection
	GlobalSection(ProjectConfigurationPlatforms) = postSolution
		{8051A101-7264-4A5F-B77B-148DDE76DA83}.Debug|Any CPU.ActiveCfg = Debug|Any CPU
		{8051A101-7264-4A5F-B77B-148DDE76DA83}.Debug|Any CPU.Build.0 = Debug|Any CPU
		{8051A101-7264-4A5F-B77B-148DDE76DA83}.Release|Any CPU.ActiveCfg = Release|Any CPU
		{8051A101-7264-4A5F-B77B-148DDE76DA83}.Release|Any CPU.Build.0 = Release|Any CPU
	EndGlobalSection
	GlobalSection(SolutionProperties) = preSolution
		HideSolutionNode = FALSE
	EndGlobalSection
	GlobalSection(ExtensibilityGlobals) = postSolution
		SolutionGuid = {C8796678-8254-4212-A725-147B8C201ECD}
	EndGlobalSection
EndGlobal
